
Microsoft Visual Studio Solution File, Format Version 12.00
# Visual Studio Version 16
VisualStudioVersion = 16.0.29409.12
MinimumVisualStudioVersion = 10.0.40219.1
Project("{FAE04EC0-301F-11D3-BF4B-00C04F79EFBC}") = "compass", "compass.csproj", "{450E0006-18A9-4317-8D12-45989943F778}"
EndProject
Global
	GlobalSection(SolutionConfigurationPlatforms) = preSolution
		Debug|Any CPU = Debug|Any CPU
		Release|Any CPU = Release|Any CPU
	EndGlobalSection
	GlobalSection(ProjectConfigurationPlatforms) = postSolution
		{450E0006-18A9-4317-8D12-45989943F778}.Debug|Any CPU.ActiveCfg = Debug|Any CPU
		{450E0006-18A9-4317-8D12-45989943F778}.Debug|Any CPU.Build.0 = Debug|Any CPU
		{450E0006-18A9-4317-8D12-45989943F778}.Release|Any CPU.ActiveCfg = Release|Any CPU
		{450E0006-18A9-4317-8D12-45989943F778}.Release|Any CPU.Build.0 = Release|Any CPU
	EndGlobalSection
	GlobalSection(SolutionProperties) = preSolution
		HideSolutionNode = FALSE
	EndGlobalSection
	GlobalSection(ExtensibilityGlobals) = postSolution
		SolutionGuid = {6775DF1C-0481-4F43-BBDF-70C5429E903F}
	EndGlobalSection
EndGlobal
